<?xml version="1.0" encoding="UTF-8" standalone="yes" ?>
<CodeBlocks_project_file>
	<FileVersion major="1" minor="6" />
	<Project>
		<Option title="AdvancedAnimationAssignment01" />
		<Option pch_mode="2" />
		<Option compiler="gcc" />
		<Build>
			<Target title="Debug">
				<Option output="bin/Debug/AdvancedAnimationAssignment01" prefix_auto="1" extension_auto="1" />
				<Option object_output="obj/Debug/" />
				<Option type="1" />
				<Option compiler="gcc" />
				<Option projectLinkerOptionsRelation="0" />
				<Compiler>
					<Add option="-g" />
				</Compiler>
			</Target>
			<Target title="Release">
				<Option output="bin/Release/AdvancedAnimationAssignment01" prefix_auto="1" extension_auto="1" />
				<Option object_output="obj/Release/" />
				<Option type="1" />
				<Option compiler="gcc" />
				<Option projectLinkerOptionsRelation="0" />
				<Compiler>
					<Add option="-O2" />
				</Compiler>
				<Linker>
					<Add option="-s" />
				</Linker>
			</Target>
		</Build>
		<Compiler>
			<Add option="-Wall" />
		</Compiler>
		<Linker>
			<Add library="libglfw3.a" />
			<Add library="libglu32.a" />
			<Add library="libopengl32.a" />
			<Add library="libgdi32.a" />
			<Add directory="./lib" />
		</Linker>
		<Unit filename="camera/camera.h" />
		<Unit filename="geomatric-primitives/common.cpp" />
		<Unit filename="geomatric-primitives/common.hpp" />
		<Unit filename="geomatric-primitives/cuboid.cpp" />
		<Unit filename="geomatric-primitives/cuboid.hpp" />
		<Unit filename="geomatric-primitives/cylinder.cpp" />
		<Unit filename="geomatric-primitives/cylinder.hpp" />
		<Unit filename="geomatric-primitives/sphere.cpp" />
		<Unit filename="geomatric-primitives/sphere.hpp" />
		<Unit filename="kinematics/ball-and-socket/ball-and-socket.hpp" />
		<Unit filename="kinematics/drawable.hpp" />
		<Unit filename="kinematics/hinge/hinge.hpp" />
		<Unit filename="kinematics/joint/joint.hpp" />
		<Unit filename="kinematics/link/link.hpp" />
		<Unit filename="kinematics/open-gl-joint/open-gl-joint.cpp" />
		<Unit filename="kinematics/open-gl-joint/open-gl-joint.h" />
		<Unit filename="kinematics/open-gl-link/open-gl-link.cpp" />
		<Unit filename="kinematics/open-gl-link/open-gl-link.hpp" />
		<Unit filename="main.cpp" />
		<Unit filename="screen/screen.cpp" />
		<Unit filename="screen/screen.h" />
		<Extensions>
			<code_completion />
			<envvars />
			<debugger />
		</Extensions>
	</Project>
</CodeBlocks_project_file>
